
Microsoft Visual Studio Solution File, Format Version 12.00
# Visual Studio Version 17
VisualStudioVersion = 17.5.33516.290
MinimumVisualStudioVersion = 10.0.40219.1
Project("{FAE04EC0-301F-11D3-BF4B-00C04F79EFBC}") = "clasesLinq", "clasesLinq.csproj", "{99CE74A1-2893-456A-A143-DD28AB050BC9}"
EndProject
Project("{FAE04EC0-301F-11D3-BF4B-00C04F79EFBC}") = "programa", "..\programa\programa.csproj", "{4B52A166-4A4E-44FC-971F-093903D0A20A}"
EndProject
Global
	GlobalSection(SolutionConfigurationPlatforms) = preSolution
		Debug|Any CPU = Debug|Any CPU
		Release|Any CPU = Release|Any CPU
	EndGlobalSection
	GlobalSection(ProjectConfigurationPlatforms) = postSolution
		{99CE74A1-2893-456A-A143-DD28AB050BC9}.Debug|Any CPU.ActiveCfg = Debug|Any CPU
		{99CE74A1-2893-456A-A143-DD28AB050BC9}.Debug|Any CPU.Build.0 = Debug|Any CPU
		{99CE74A1-2893-456A-A143-DD28AB050BC9}.Release|Any CPU.ActiveCfg = Release|Any CPU
		{99CE74A1-2893-456A-A143-DD28AB050BC9}.Release|Any CPU.Build.0 = Release|Any CPU
		{4B52A166-4A4E-44FC-971F-093903D0A20A}.Debug|Any CPU.ActiveCfg = Debug|Any CPU
		{4B52A166-4A4E-44FC-971F-093903D0A20A}.Debug|Any CPU.Build.0 = Debug|Any CPU
		{4B52A166-4A4E-44FC-971F-093903D0A20A}.Release|Any CPU.ActiveCfg = Release|Any CPU
		{4B52A166-4A4E-44FC-971F-093903D0A20A}.Release|Any CPU.Build.0 = Release|Any CPU
	EndGlobalSection
	GlobalSection(SolutionProperties) = preSolution
		HideSolutionNode = FALSE
	EndGlobalSection
	GlobalSection(ExtensibilityGlobals) = postSolution
		SolutionGuid = {6E1BCE96-D434-48D7-A031-B99692E0E645}
	EndGlobalSection
EndGlobal
