
Microsoft Visual Studio Solution File, Format Version 12.00
# Visual Studio Version 17
VisualStudioVersion = 17.5.33516.290
MinimumVisualStudioVersion = 10.0.40219.1
Project("{FAE04EC0-301F-11D3-BF4B-00C04F79EFBC}") = "ClasesEj3LINQ", "ClasesEj3LINQ.csproj", "{B87A7E55-026F-4BD7-BABB-5E232F675223}"
EndProject
Project("{FAE04EC0-301F-11D3-BF4B-00C04F79EFBC}") = "Programa", "..\Programa\Programa.csproj", "{FE73FBCD-E356-47C0-9CCC-E2073A079855}"
EndProject
Global
	GlobalSection(SolutionConfigurationPlatforms) = preSolution
		Debug|Any CPU = Debug|Any CPU
		Release|Any CPU = Release|Any CPU
	EndGlobalSection
	GlobalSection(ProjectConfigurationPlatforms) = postSolution
		{B87A7E55-026F-4BD7-BABB-5E232F675223}.Debug|Any CPU.ActiveCfg = Debug|Any CPU
		{B87A7E55-026F-4BD7-BABB-5E232F675223}.Debug|Any CPU.Build.0 = Debug|Any CPU
		{B87A7E55-026F-4BD7-BABB-5E232F675223}.Release|Any CPU.ActiveCfg = Release|Any CPU
		{B87A7E55-026F-4BD7-BABB-5E232F675223}.Release|Any CPU.Build.0 = Release|Any CPU
		{FE73FBCD-E356-47C0-9CCC-E2073A079855}.Debug|Any CPU.ActiveCfg = Debug|Any CPU
		{FE73FBCD-E356-47C0-9CCC-E2073A079855}.Debug|Any CPU.Build.0 = Debug|Any CPU
		{FE73FBCD-E356-47C0-9CCC-E2073A079855}.Release|Any CPU.ActiveCfg = Release|Any CPU
		{FE73FBCD-E356-47C0-9CCC-E2073A079855}.Release|Any CPU.Build.0 = Release|Any CPU
	EndGlobalSection
	GlobalSection(SolutionProperties) = preSolution
		HideSolutionNode = FALSE
	EndGlobalSection
	GlobalSection(ExtensibilityGlobals) = postSolution
		SolutionGuid = {49B97D81-BF79-4B12-BB18-C692C18BED92}
	EndGlobalSection
EndGlobal
